
Microsoft Visual Studio Solution File, Format Version 12.00
# Visual Studio Version 17
VisualStudioVersion = 17.4.33205.214
MinimumVisualStudioVersion = 10.0.40219.1
Project("{FAE04EC0-301F-11D3-BF4B-00C04F79EFBC}") = "Graphic_Engine", "Graphic_Engine.csproj", "{972254E3-0044-4A64-B8F9-445461053001}"
EndProject
Global
	GlobalSection(SolutionConfigurationPlatforms) = preSolution
		Debug|Any CPU = Debug|Any CPU
		Release|Any CPU = Release|Any CPU
	EndGlobalSection
	GlobalSection(ProjectConfigurationPlatforms) = postSolution
		{972254E3-0044-4A64-B8F9-445461053001}.Debug|Any CPU.ActiveCfg = Debug|Any CPU
		{972254E3-0044-4A64-B8F9-445461053001}.Debug|Any CPU.Build.0 = Debug|Any CPU
		{972254E3-0044-4A64-B8F9-445461053001}.Release|Any CPU.ActiveCfg = Release|Any CPU
		{972254E3-0044-4A64-B8F9-445461053001}.Release|Any CPU.Build.0 = Release|Any CPU
	EndGlobalSection
	GlobalSection(SolutionProperties) = preSolution
		HideSolutionNode = FALSE
	EndGlobalSection
	GlobalSection(ExtensibilityGlobals) = postSolution
		SolutionGuid = {3FF1DE99-F8EE-41A8-A370-895045360888}
	EndGlobalSection
EndGlobal
