
Microsoft Visual Studio Solution File, Format Version 12.00
# Visual Studio Version 17
VisualStudioVersion = 17.1.32414.318
MinimumVisualStudioVersion = 10.0.40219.1
Project("{FAE04EC0-301F-11D3-BF4B-00C04F79EFBC}") = "Act_1_xd", "Act_1_xd\Act_1_xd.csproj", "{663E1245-00E1-4017-83EF-13B25C465BB2}"
EndProject
Global
	GlobalSection(SolutionConfigurationPlatforms) = preSolution
		Debug|Any CPU = Debug|Any CPU
		Release|Any CPU = Release|Any CPU
	EndGlobalSection
	GlobalSection(ProjectConfigurationPlatforms) = postSolution
		{663E1245-00E1-4017-83EF-13B25C465BB2}.Debug|Any CPU.ActiveCfg = Debug|Any CPU
		{663E1245-00E1-4017-83EF-13B25C465BB2}.Debug|Any CPU.Build.0 = Debug|Any CPU
		{663E1245-00E1-4017-83EF-13B25C465BB2}.Release|Any CPU.ActiveCfg = Release|Any CPU
		{663E1245-00E1-4017-83EF-13B25C465BB2}.Release|Any CPU.Build.0 = Release|Any CPU
	EndGlobalSection
	GlobalSection(SolutionProperties) = preSolution
		HideSolutionNode = FALSE
	EndGlobalSection
	GlobalSection(ExtensibilityGlobals) = postSolution
		SolutionGuid = {444B7AD9-3750-41A8-9012-D9D3EE32ED6D}
	EndGlobalSection
EndGlobal
